lockfileVersion: '9.0'

settings:
  autoInstallPeers: true
  excludeLinksFromLockfile: false

importers:

  .:
    dependencies:
      npm-check-updates:
        specifier: ~22.2.8
        version: 22.2.8

packages:

  npm-check-updates@22.2.8:
    resolution: {integrity: sha512-jL2cs1TSDSj3ieDlMVFf0bZFVqLNtXt+ExvCMF1OYxR7PiVjFcmAP80rJFNOFrrt0KLyPqeRBZtD7xZu9emd8w==}
    engines: {node: ^20.19.0 || ^22.12.0 || >=24.0.0, npm: '>=10.0.0'}
    hasBin: true

snapshots:

  npm-check-updates@22.2.8: {}
